
Microsoft Visual Studio Solution File, Format Version 12.00
# Visual Studio 15
VisualStudioVersion = 15.0.28307.489
MinimumVisualStudioVersion = 10.0.40219.1
Project("{FAE04EC0-301F-11D3-BF4B-00C04F79EFBC}") = "Rain", "Rain\Rain.csproj", "{9EB8FDA2-5960-41CD-8660-A3E622CFAA03}"
EndProject
Global
	GlobalSection(SolutionConfigurationPlatforms) = preSolution
		Debug|Any CPU = Debug|Any CPU
		Release|Any CPU = Release|Any CPU
	EndGlobalSection
	GlobalSection(ProjectConfigurationPlatforms) = postSolution
		{9EB8FDA2-5960-41CD-8660-A3E622CFAA03}.Debug|Any CPU.ActiveCfg = Debug|Any CPU
		{9EB8FDA2-5960-41CD-8660-A3E622CFAA03}.Debug|Any CPU.Build.0 = Debug|Any CPU
		{9EB8FDA2-5960-41CD-8660-A3E622CFAA03}.Release|Any CPU.ActiveCfg = Release|Any CPU
		{9EB8FDA2-5960-41CD-8660-A3E622CFAA03}.Release|Any CPU.Build.0 = Release|Any CPU
	EndGlobalSection
	GlobalSection(SolutionProperties) = preSolution
		HideSolutionNode = FALSE
	EndGlobalSection
	GlobalSection(ExtensibilityGlobals) = postSolution
		SolutionGuid = {56B1A73D-2A0F-44B2-8FA7-45A0C372710F}
	EndGlobalSection
EndGlobal
