
Microsoft Visual Studio Solution File, Format Version 12.00
# Visual Studio 15
VisualStudioVersion = 15.0.28307.489
MinimumVisualStudioVersion = 10.0.40219.1
Project("{FAE04EC0-301F-11D3-BF4B-00C04F79EFBC}") = "MyApp", "MyApp\MyApp.csproj", "{D042BBF3-63E6-437B-B5B4-CBEB5C04CEFF}"
EndProject
Global
	GlobalSection(SolutionConfigurationPlatforms) = preSolution
		Debug|Any CPU = Debug|Any CPU
		Release|Any CPU = Release|Any CPU
	EndGlobalSection
	GlobalSection(ProjectConfigurationPlatforms) = postSolution
		{D042BBF3-63E6-437B-B5B4-CBEB5C04CEFF}.Debug|Any CPU.ActiveCfg = Debug|Any CPU
		{D042BBF3-63E6-437B-B5B4-CBEB5C04CEFF}.Debug|Any CPU.Build.0 = Debug|Any CPU
		{D042BBF3-63E6-437B-B5B4-CBEB5C04CEFF}.Debug|Any CPU.Deploy.0 = Debug|Any CPU
		{D042BBF3-63E6-437B-B5B4-CBEB5C04CEFF}.Release|Any CPU.ActiveCfg = Release|Any CPU
		{D042BBF3-63E6-437B-B5B4-CBEB5C04CEFF}.Release|Any CPU.Build.0 = Release|Any CPU
		{D042BBF3-63E6-437B-B5B4-CBEB5C04CEFF}.Release|Any CPU.Deploy.0 = Release|Any CPU
	EndGlobalSection
	GlobalSection(SolutionProperties) = preSolution
		HideSolutionNode = FALSE
	EndGlobalSection
	GlobalSection(ExtensibilityGlobals) = postSolution
		SolutionGuid = {8429E881-C408-4637-9A55-A2AC79515FDA}
	EndGlobalSection
EndGlobal
